
Microsoft Visual Studio Solution File, Format Version 12.00
# Visual Studio 15
VisualStudioVersion = 15.0.26124.0
MinimumVisualStudioVersion = 15.0.26124.0
Project("{2150E333-8FDC-42A3-9474-1A3956D46DE8}") = "src", "src", "{BD278D6A-267B-4A88-8CFD-9ACF1FDA5E77}"
EndProject
Project("{FAE04EC0-301F-11D3-BF4B-00C04F79EFBC}") = "Finance.App", "src\Finance.App\Finance.App.csproj", "{F5E0B85D-E2AB-42AA-BF64-3620E0A82CA3}"
EndProject
Project("{FAE04EC0-301F-11D3-BF4B-00C04F79EFBC}") = "Finance.Core.CardPayment", "src\Finance.Core.CardPayment\Finance.Core.CardPayment.csproj", "{5BAF14A5-8188-48A7-B13A-344B9AE52B16}"
EndProject
Project("{FAE04EC0-301F-11D3-BF4B-00C04F79EFBC}") = "Finance.External.Ecom", "src\Finance.External.Ecom\Finance.External.Ecom.csproj", "{73C2518A-4D00-4291-A05E-E9C20ECF02C4}"
EndProject
Project("{2150E333-8FDC-42A3-9474-1A3956D46DE8}") = "External", "External", "{F1BE0395-3A22-4D2C-B6F6-7200D2A14E0D}"
EndProject
Project("{2150E333-8FDC-42A3-9474-1A3956D46DE8}") = "Core", "Core", "{291ED04B-061E-4422-A7A4-D4E65F56F70D}"
EndProject
Project("{FAE04EC0-301F-11D3-BF4B-00C04F79EFBC}") = "Finance.Core", "src\Finance.Core\Finance.Core.csproj", "{2754DB65-941F-46BB-ABFD-7453BDFA48DC}"
EndProject
Project("{FAE04EC0-301F-11D3-BF4B-00C04F79EFBC}") = "Finance.Common", "src\Finance.Common\Finance.Common.csproj", "{F10CE0D5-3264-4AD1-8FCC-DF51EBB5FE7F}"
EndProject
Project("{FAE04EC0-301F-11D3-BF4B-00C04F79EFBC}") = "Finance.Core.Test", "test\Finance.Core.Test\Finance.Core.Test.csproj", "{6BA6C08E-437D-453D-879D-E4F4FD2D8BD8}"
EndProject
Global
	GlobalSection(SolutionConfigurationPlatforms) = preSolution
		Debug|Any CPU = Debug|Any CPU
		Debug|x64 = Debug|x64
		Debug|x86 = Debug|x86
		Release|Any CPU = Release|Any CPU
		Release|x64 = Release|x64
		Release|x86 = Release|x86
	EndGlobalSection
	GlobalSection(SolutionProperties) = preSolution
		HideSolutionNode = FALSE
	EndGlobalSection
	GlobalSection(ProjectConfigurationPlatforms) = postSolution
		{F5E0B85D-E2AB-42AA-BF64-3620E0A82CA3}.Debug|Any CPU.ActiveCfg = Debug|Any CPU
		{F5E0B85D-E2AB-42AA-BF64-3620E0A82CA3}.Debug|Any CPU.Build.0 = Debug|Any CPU
		{F5E0B85D-E2AB-42AA-BF64-3620E0A82CA3}.Debug|x64.ActiveCfg = Debug|Any CPU
		{F5E0B85D-E2AB-42AA-BF64-3620E0A82CA3}.Debug|x64.Build.0 = Debug|Any CPU
		{F5E0B85D-E2AB-42AA-BF64-3620E0A82CA3}.Debug|x86.ActiveCfg = Debug|Any CPU
		{F5E0B85D-E2AB-42AA-BF64-3620E0A82CA3}.Debug|x86.Build.0 = Debug|Any CPU
		{F5E0B85D-E2AB-42AA-BF64-3620E0A82CA3}.Release|Any CPU.ActiveCfg = Release|Any CPU
		{F5E0B85D-E2AB-42AA-BF64-3620E0A82CA3}.Release|Any CPU.Build.0 = Release|Any CPU
		{F5E0B85D-E2AB-42AA-BF64-3620E0A82CA3}.Release|x64.ActiveCfg = Release|Any CPU
		{F5E0B85D-E2AB-42AA-BF64-3620E0A82CA3}.Release|x64.Build.0 = Release|Any CPU
		{F5E0B85D-E2AB-42AA-BF64-3620E0A82CA3}.Release|x86.ActiveCfg = Release|Any CPU
		{F5E0B85D-E2AB-42AA-BF64-3620E0A82CA3}.Release|x86.Build.0 = Release|Any CPU
		{5BAF14A5-8188-48A7-B13A-344B9AE52B16}.Debug|Any CPU.ActiveCfg = Debug|Any CPU
		{5BAF14A5-8188-48A7-B13A-344B9AE52B16}.Debug|Any CPU.Build.0 = Debug|Any CPU
		{5BAF14A5-8188-48A7-B13A-344B9AE52B16}.Debug|x64.ActiveCfg = Debug|Any CPU
		{5BAF14A5-8188-48A7-B13A-344B9AE52B16}.Debug|x64.Build.0 = Debug|Any CPU
		{5BAF14A5-8188-48A7-B13A-344B9AE52B16}.Debug|x86.ActiveCfg = Debug|Any CPU
		{5BAF14A5-8188-48A7-B13A-344B9AE52B16}.Debug|x86.Build.0 = Debug|Any CPU
		{5BAF14A5-8188-48A7-B13A-344B9AE52B16}.Release|Any CPU.ActiveCfg = Release|Any CPU
		{5BAF14A5-8188-48A7-B13A-344B9AE52B16}.Release|Any CPU.Build.0 = Release|Any CPU
		{5BAF14A5-8188-48A7-B13A-344B9AE52B16}.Release|x64.ActiveCfg = Release|Any CPU
		{5BAF14A5-8188-48A7-B13A-344B9AE52B16}.Release|x64.Build.0 = Release|Any CPU
		{5BAF14A5-8188-48A7-B13A-344B9AE52B16}.Release|x86.ActiveCfg = Release|Any CPU
		{5BAF14A5-8188-48A7-B13A-344B9AE52B16}.Release|x86.Build.0 = Release|Any CPU
		{73C2518A-4D00-4291-A05E-E9C20ECF02C4}.Debug|Any CPU.ActiveCfg = Debug|Any CPU
		{73C2518A-4D00-4291-A05E-E9C20ECF02C4}.Debug|Any CPU.Build.0 = Debug|Any CPU
		{73C2518A-4D00-4291-A05E-E9C20ECF02C4}.Debug|x64.ActiveCfg = Debug|Any CPU
		{73C2518A-4D00-4291-A05E-E9C20ECF02C4}.Debug|x64.Build.0 = Debug|Any CPU
		{73C2518A-4D00-4291-A05E-E9C20ECF02C4}.Debug|x86.ActiveCfg = Debug|Any CPU
		{73C2518A-4D00-4291-A05E-E9C20ECF02C4}.Debug|x86.Build.0 = Debug|Any CPU
		{73C2518A-4D00-4291-A05E-E9C20ECF02C4}.Release|Any CPU.ActiveCfg = Release|Any CPU
		{73C2518A-4D00-4291-A05E-E9C20ECF02C4}.Release|Any CPU.Build.0 = Release|Any CPU
		{73C2518A-4D00-4291-A05E-E9C20ECF02C4}.Release|x64.ActiveCfg = Release|Any CPU
		{73C2518A-4D00-4291-A05E-E9C20ECF02C4}.Release|x64.Build.0 = Release|Any CPU
		{73C2518A-4D00-4291-A05E-E9C20ECF02C4}.Release|x86.ActiveCfg = Release|Any CPU
		{73C2518A-4D00-4291-A05E-E9C20ECF02C4}.Release|x86.Build.0 = Release|Any CPU
		{2754DB65-941F-46BB-ABFD-7453BDFA48DC}.Debug|Any CPU.ActiveCfg = Debug|Any CPU
		{2754DB65-941F-46BB-ABFD-7453BDFA48DC}.Debug|Any CPU.Build.0 = Debug|Any CPU
		{2754DB65-941F-46BB-ABFD-7453BDFA48DC}.Debug|x64.ActiveCfg = Debug|Any CPU
		{2754DB65-941F-46BB-ABFD-7453BDFA48DC}.Debug|x64.Build.0 = Debug|Any CPU
		{2754DB65-941F-46BB-ABFD-7453BDFA48DC}.Debug|x86.ActiveCfg = Debug|Any CPU
		{2754DB65-941F-46BB-ABFD-7453BDFA48DC}.Debug|x86.Build.0 = Debug|Any CPU
		{2754DB65-941F-46BB-ABFD-7453BDFA48DC}.Release|Any CPU.ActiveCfg = Release|Any CPU
		{2754DB65-941F-46BB-ABFD-7453BDFA48DC}.Release|Any CPU.Build.0 = Release|Any CPU
		{2754DB65-941F-46BB-ABFD-7453BDFA48DC}.Release|x64.ActiveCfg = Release|Any CPU
		{2754DB65-941F-46BB-ABFD-7453BDFA48DC}.Release|x64.Build.0 = Release|Any CPU
		{2754DB65-941F-46BB-ABFD-7453BDFA48DC}.Release|x86.ActiveCfg = Release|Any CPU
		{2754DB65-941F-46BB-ABFD-7453BDFA48DC}.Release|x86.Build.0 = Release|Any CPU
		{F10CE0D5-3264-4AD1-8FCC-DF51EBB5FE7F}.Debug|Any CPU.ActiveCfg = Debug|Any CPU
		{F10CE0D5-3264-4AD1-8FCC-DF51EBB5FE7F}.Debug|Any CPU.Build.0 = Debug|Any CPU
		{F10CE0D5-3264-4AD1-8FCC-DF51EBB5FE7F}.Debug|x64.ActiveCfg = Debug|Any CPU
		{F10CE0D5-3264-4AD1-8FCC-DF51EBB5FE7F}.Debug|x64.Build.0 = Debug|Any CPU
		{F10CE0D5-3264-4AD1-8FCC-DF51EBB5FE7F}.Debug|x86.ActiveCfg = Debug|Any CPU
		{F10CE0D5-3264-4AD1-8FCC-DF51EBB5FE7F}.Debug|x86.Build.0 = Debug|Any CPU
		{F10CE0D5-3264-4AD1-8FCC-DF51EBB5FE7F}.Release|Any CPU.ActiveCfg = Release|Any CPU
		{F10CE0D5-3264-4AD1-8FCC-DF51EBB5FE7F}.Release|Any CPU.Build.0 = Release|Any CPU
		{F10CE0D5-3264-4AD1-8FCC-DF51EBB5FE7F}.Release|x64.ActiveCfg = Release|Any CPU
		{F10CE0D5-3264-4AD1-8FCC-DF51EBB5FE7F}.Release|x64.Build.0 = Release|Any CPU
		{F10CE0D5-3264-4AD1-8FCC-DF51EBB5FE7F}.Release|x86.ActiveCfg = Release|Any CPU
		{F10CE0D5-3264-4AD1-8FCC-DF51EBB5FE7F}.Release|x86.Build.0 = Release|Any CPU
		{6BA6C08E-437D-453D-879D-E4F4FD2D8BD8}.Debug|Any CPU.ActiveCfg = Debug|Any CPU
		{6BA6C08E-437D-453D-879D-E4F4FD2D8BD8}.Debug|Any CPU.Build.0 = Debug|Any CPU
		{6BA6C08E-437D-453D-879D-E4F4FD2D8BD8}.Debug|x64.ActiveCfg = Debug|Any CPU
		{6BA6C08E-437D-453D-879D-E4F4FD2D8BD8}.Debug|x64.Build.0 = Debug|Any CPU
		{6BA6C08E-437D-453D-879D-E4F4FD2D8BD8}.Debug|x86.ActiveCfg = Debug|Any CPU
		{6BA6C08E-437D-453D-879D-E4F4FD2D8BD8}.Debug|x86.Build.0 = Debug|Any CPU
		{6BA6C08E-437D-453D-879D-E4F4FD2D8BD8}.Release|Any CPU.ActiveCfg = Release|Any CPU
		{6BA6C08E-437D-453D-879D-E4F4FD2D8BD8}.Release|Any CPU.Build.0 = Release|Any CPU
		{6BA6C08E-437D-453D-879D-E4F4FD2D8BD8}.Release|x64.ActiveCfg = Release|Any CPU
		{6BA6C08E-437D-453D-879D-E4F4FD2D8BD8}.Release|x64.Build.0 = Release|Any CPU
		{6BA6C08E-437D-453D-879D-E4F4FD2D8BD8}.Release|x86.ActiveCfg = Release|Any CPU
		{6BA6C08E-437D-453D-879D-E4F4FD2D8BD8}.Release|x86.Build.0 = Release|Any CPU
	EndGlobalSection
	GlobalSection(NestedProjects) = preSolution
		{F5E0B85D-E2AB-42AA-BF64-3620E0A82CA3} = {BD278D6A-267B-4A88-8CFD-9ACF1FDA5E77}
		{F1BE0395-3A22-4D2C-B6F6-7200D2A14E0D} = {BD278D6A-267B-4A88-8CFD-9ACF1FDA5E77}
		{291ED04B-061E-4422-A7A4-D4E65F56F70D} = {BD278D6A-267B-4A88-8CFD-9ACF1FDA5E77}
		{2754DB65-941F-46BB-ABFD-7453BDFA48DC} = {291ED04B-061E-4422-A7A4-D4E65F56F70D}
		{F10CE0D5-3264-4AD1-8FCC-DF51EBB5FE7F} = {BD278D6A-267B-4A88-8CFD-9ACF1FDA5E77}
		{5BAF14A5-8188-48A7-B13A-344B9AE52B16} = {291ED04B-061E-4422-A7A4-D4E65F56F70D}
		{73C2518A-4D00-4291-A05E-E9C20ECF02C4} = {F1BE0395-3A22-4D2C-B6F6-7200D2A14E0D}
	EndGlobalSection
EndGlobal
